{
    "_meta": {
        "hash": {
            "sha256": "76bcedcace5c5f46c613c694cb73351e22d89e13a219f0829cae0b97891d0ab4"
        },
        "pipfile-spec": 6,
        "requires": {
            "python_version": "3.9"
        },
        "sources": [
            {
                "name": "pypi",
                "url": "https://pypi.org/simple",
                "verify_ssl": true
            }
        ]
    },
    "default": {
        "mpy-cross": {
            "hashes": [
                "sha256:14be23507f39516b2ec869faae00726c92f5dc8df753390407653e37ba6b0783",
                "sha256:14d14fdb1afbd700a91da50a6c35b43467d97c30ee8003c3212938a494968927",
                "sha256:2199dfc4858ef60860c2a7d538eb50ea21c161620b5309e80af6e536bf474086",
                "sha256:2ff19640c1320ea2c387b02e790043bbcb1f4b07e489d08aa73736e7f553a0cd",
                "sha256:b870014c6ba8974aab880747ff762eb8bef3550f18f66f5cfdae4a6443332cd3"
            ],
            "index": "pypi",
            "version": "==1.12"
        }
    },
    "develop": {}
}
